
Microsoft Visual Studio Solution File, Format Version 12.00
# Visual Studio Version 17
VisualStudioVersion = 17.5.33530.505
MinimumVisualStudioVersion = 10.0.40219.1
Project("{FAE04EC0-301F-11D3-BF4B-00C04F79EFBC}") = "personapi-dotnet", "personapi-dotnet\personapi-dotnet.csproj", "{6CF21F29-CB16-4E22-B8D2-389C5736BB12}"
EndProject
Global
	GlobalSection(SolutionConfigurationPlatforms) = preSolution
		Debug|Any CPU = Debug|Any CPU
		Release|Any CPU = Release|Any CPU
	EndGlobalSection
	GlobalSection(ProjectConfigurationPlatforms) = postSolution
		{6CF21F29-CB16-4E22-B8D2-389C5736BB12}.Debug|Any CPU.ActiveCfg = Debug|Any CPU
		{6CF21F29-CB16-4E22-B8D2-389C5736BB12}.Debug|Any CPU.Build.0 = Debug|Any CPU
		{6CF21F29-CB16-4E22-B8D2-389C5736BB12}.Release|Any CPU.ActiveCfg = Release|Any CPU
		{6CF21F29-CB16-4E22-B8D2-389C5736BB12}.Release|Any CPU.Build.0 = Release|Any CPU
	EndGlobalSection
	GlobalSection(SolutionProperties) = preSolution
		HideSolutionNode = FALSE
	EndGlobalSection
	GlobalSection(ExtensibilityGlobals) = postSolution
		SolutionGuid = {7EFFA6E3-BB8C-4122-96F7-DDE0481B61CF}
	EndGlobalSection
EndGlobal
